
Microsoft Visual Studio Solution File, Format Version 12.00
# Visual Studio Version 16
VisualStudioVersion = 16.0.32228.343
MinimumVisualStudioVersion = 10.0.40219.1
Project("{9A19103F-16F7-4668-BE54-9A1E7A4F7556}") = "DayOfTheWeekApp", "DayOfTheWeekApp\DayOfTheWeekApp.csproj", "{B768328A-100A-4075-B22A-D5D00D6C4FA1}"
EndProject
Project("{FAE04EC0-301F-11D3-BF4B-00C04F79EFBC}") = "DayOfTheWeekApp.Core", "DayOfTheWeekApp.Core\DayOfTheWeekApp.Core.csproj", "{4DE6BDB3-FEE8-4D3B-AD60-C0C5ED080AAF}"
EndProject
Global
	GlobalSection(SolutionConfigurationPlatforms) = preSolution
		Debug|Any CPU = Debug|Any CPU
		Release|Any CPU = Release|Any CPU
	EndGlobalSection
	GlobalSection(ProjectConfigurationPlatforms) = postSolution
		{B768328A-100A-4075-B22A-D5D00D6C4FA1}.Debug|Any CPU.ActiveCfg = Debug|Any CPU
		{B768328A-100A-4075-B22A-D5D00D6C4FA1}.Debug|Any CPU.Build.0 = Debug|Any CPU
		{B768328A-100A-4075-B22A-D5D00D6C4FA1}.Release|Any CPU.ActiveCfg = Release|Any CPU
		{B768328A-100A-4075-B22A-D5D00D6C4FA1}.Release|Any CPU.Build.0 = Release|Any CPU
		{4DE6BDB3-FEE8-4D3B-AD60-C0C5ED080AAF}.Debug|Any CPU.ActiveCfg = Debug|Any CPU
		{4DE6BDB3-FEE8-4D3B-AD60-C0C5ED080AAF}.Debug|Any CPU.Build.0 = Debug|Any CPU
		{4DE6BDB3-FEE8-4D3B-AD60-C0C5ED080AAF}.Release|Any CPU.ActiveCfg = Release|Any CPU
		{4DE6BDB3-FEE8-4D3B-AD60-C0C5ED080AAF}.Release|Any CPU.Build.0 = Release|Any CPU
	EndGlobalSection
	GlobalSection(SolutionProperties) = preSolution
		HideSolutionNode = FALSE
	EndGlobalSection
	GlobalSection(ExtensibilityGlobals) = postSolution
		SolutionGuid = {23FBAA53-EB68-42A2-8ABB-50806D67DE14}
	EndGlobalSection
EndGlobal
